{
  "nodes": {
    "nixpkgs": {
      "locked": {
        "lastModified": 1650194139,
        "narHash": "sha256-kurZsqeOw5fpqA/Ig+8tHvbjwzs5P9AE6WUKOX1m6qM=",
        "owner": "NixOS",
        "repo": "nixpkgs",
        "rev": "bd4dffcdb7c577d74745bd1eff6230172bd176d5",
        "type": "github"
      },
      "original": {
        "id": "nixpkgs",
        "type": "indirect"
      }
    },
    "root": {
      "inputs": {
        "nixpkgs": "nixpkgs"
      }
    }
  },
  "root": "root",
  "version": 7
}
